
Microsoft Visual Studio Solution File, Format Version 12.00
# Visual Studio 14
VisualStudioVersion = 14.0.25123.0
MinimumVisualStudioVersion = 10.0.40219.1
Project("{FAE04EC0-301F-11D3-BF4B-00C04F79EFBC}") = "MemoryManager", "MemoryManager\MemoryManager.csproj", "{5170E8C4-3139-46AB-B41C-E035E3735C1C}"
EndProject
Global
	GlobalSection(SolutionConfigurationPlatforms) = preSolution
		Debug|Any CPU = Debug|Any CPU
		Release|Any CPU = Release|Any CPU
	EndGlobalSection
	GlobalSection(ProjectConfigurationPlatforms) = postSolution
		{5170E8C4-3139-46AB-B41C-E035E3735C1C}.Debug|Any CPU.ActiveCfg = Debug|Any CPU
		{5170E8C4-3139-46AB-B41C-E035E3735C1C}.Debug|Any CPU.Build.0 = Debug|Any CPU
		{5170E8C4-3139-46AB-B41C-E035E3735C1C}.Release|Any CPU.ActiveCfg = Release|Any CPU
		{5170E8C4-3139-46AB-B41C-E035E3735C1C}.Release|Any CPU.Build.0 = Release|Any CPU
	EndGlobalSection
	GlobalSection(SolutionProperties) = preSolution
		HideSolutionNode = FALSE
	EndGlobalSection
EndGlobal
